{
  "name": "com.gruijter.beeclear",
  "version": "1.0.0",
  "lockfileVersion": 1,
  "requires": true,
  "dependencies": {
    "beeclear": {
      "version": "1.0.0",
      "resolved": "https://registry.npmjs.org/beeclear/-/beeclear-1.0.0.tgz",
      "integrity": "sha512-IqAPkXk0FL1iXdnY9EFLW18fW3xt6xXWqWdMDKSn8iNWpEhySJybMOE92iYefyyobQb69dS+Ua1qYM9fLZij/g=="
    },
    "fixture-stdout": {
      "version": "0.2.1",
      "resolved": "https://registry.npmjs.org/fixture-stdout/-/fixture-stdout-0.2.1.tgz",
      "integrity": "sha1-C3lmU1q4fPA/jcvvq9rD7/4ZWiQ="
    }
  }
}
